
Microsoft Visual Studio Solution File, Format Version 12.00
# Visual Studio 15
VisualStudioVersion = 15.0.27703.2018
MinimumVisualStudioVersion = 10.0.40219.1
Project("{9A19103F-16F7-4668-BE54-9A1E7A4F7556}") = "WebAppEmpty", "WebAppEmpty\WebAppEmpty.csproj", "{AFA5C78E-F44B-47B6-964A-BD21397D82BF}"
EndProject
Project("{9A19103F-16F7-4668-BE54-9A1E7A4F7556}") = "WebAppRazor", "WebAppRazor\WebAppRazor.csproj", "{BCFA04BE-B2EF-47CF-9507-2CFE606C597B}"
EndProject
Project("{9A19103F-16F7-4668-BE54-9A1E7A4F7556}") = "WebAppMVC", "WebAppMVC\WebAppMVC.csproj", "{CFEA5069-46AC-40D0-B7F3-580EC44764AB}"
EndProject
Project("{FAE04EC0-301F-11D3-BF4B-00C04F79EFBC}") = "WebAppCodeFirst", "WebAppCodeFirst\WebAppCodeFirst.csproj", "{0F727B3E-6068-4F66-9719-A15583AD74E3}"
EndProject
Global
	GlobalSection(SolutionConfigurationPlatforms) = preSolution
		Debug|Any CPU = Debug|Any CPU
		Release|Any CPU = Release|Any CPU
	EndGlobalSection
	GlobalSection(ProjectConfigurationPlatforms) = postSolution
		{AFA5C78E-F44B-47B6-964A-BD21397D82BF}.Debug|Any CPU.ActiveCfg = Debug|Any CPU
		{AFA5C78E-F44B-47B6-964A-BD21397D82BF}.Debug|Any CPU.Build.0 = Debug|Any CPU
		{AFA5C78E-F44B-47B6-964A-BD21397D82BF}.Release|Any CPU.ActiveCfg = Release|Any CPU
		{AFA5C78E-F44B-47B6-964A-BD21397D82BF}.Release|Any CPU.Build.0 = Release|Any CPU
		{BCFA04BE-B2EF-47CF-9507-2CFE606C597B}.Debug|Any CPU.ActiveCfg = Debug|Any CPU
		{BCFA04BE-B2EF-47CF-9507-2CFE606C597B}.Debug|Any CPU.Build.0 = Debug|Any CPU
		{BCFA04BE-B2EF-47CF-9507-2CFE606C597B}.Release|Any CPU.ActiveCfg = Release|Any CPU
		{BCFA04BE-B2EF-47CF-9507-2CFE606C597B}.Release|Any CPU.Build.0 = Release|Any CPU
		{CFEA5069-46AC-40D0-B7F3-580EC44764AB}.Debug|Any CPU.ActiveCfg = Debug|Any CPU
		{CFEA5069-46AC-40D0-B7F3-580EC44764AB}.Debug|Any CPU.Build.0 = Debug|Any CPU
		{CFEA5069-46AC-40D0-B7F3-580EC44764AB}.Release|Any CPU.ActiveCfg = Release|Any CPU
		{CFEA5069-46AC-40D0-B7F3-580EC44764AB}.Release|Any CPU.Build.0 = Release|Any CPU
		{0F727B3E-6068-4F66-9719-A15583AD74E3}.Debug|Any CPU.ActiveCfg = Debug|Any CPU
		{0F727B3E-6068-4F66-9719-A15583AD74E3}.Debug|Any CPU.Build.0 = Debug|Any CPU
		{0F727B3E-6068-4F66-9719-A15583AD74E3}.Release|Any CPU.ActiveCfg = Release|Any CPU
		{0F727B3E-6068-4F66-9719-A15583AD74E3}.Release|Any CPU.Build.0 = Release|Any CPU
	EndGlobalSection
	GlobalSection(SolutionProperties) = preSolution
		HideSolutionNode = FALSE
	EndGlobalSection
	GlobalSection(ExtensibilityGlobals) = postSolution
		SolutionGuid = {F33E583F-6CBC-4C85-AA10-E57CF3A1A451}
	EndGlobalSection
EndGlobal
